
Microsoft Visual Studio Solution File, Format Version 12.00
# Visual Studio Version 17
VisualStudioVersion = 17.9.34728.123
MinimumVisualStudioVersion = 10.0.40219.1
Project("{FAE04EC0-301F-11D3-BF4B-00C04F79EFBC}") = "Exercicio_Analise_Matriz", "Exercicio_Analise_Matriz\Exercicio_Analise_Matriz.csproj", "{027953C4-E029-454F-BF40-DA16ADF482F8}"
EndProject
Global
	GlobalSection(SolutionConfigurationPlatforms) = preSolution
		Debug|Any CPU = Debug|Any CPU
		Release|Any CPU = Release|Any CPU
	EndGlobalSection
	GlobalSection(ProjectConfigurationPlatforms) = postSolution
		{027953C4-E029-454F-BF40-DA16ADF482F8}.Debug|Any CPU.ActiveCfg = Debug|Any CPU
		{027953C4-E029-454F-BF40-DA16ADF482F8}.Debug|Any CPU.Build.0 = Debug|Any CPU
		{027953C4-E029-454F-BF40-DA16ADF482F8}.Release|Any CPU.ActiveCfg = Release|Any CPU
		{027953C4-E029-454F-BF40-DA16ADF482F8}.Release|Any CPU.Build.0 = Release|Any CPU
	EndGlobalSection
	GlobalSection(SolutionProperties) = preSolution
		HideSolutionNode = FALSE
	EndGlobalSection
	GlobalSection(ExtensibilityGlobals) = postSolution
		SolutionGuid = {8E261788-092C-40FA-A5C2-BBFCA11AD92F}
	EndGlobalSection
EndGlobal
